{
  "name": "Optex",
  "lockfileVersion": 3,
  "requires": true,
  "packages": {
    "": {
      "dependencies": {
        "@google/generative-ai": "^0.24.1",
        "chromadb": "^3.0.15"
      }
    },
    "node_modules/@google/generative-ai": {
      "version": "0.24.1",
      "resolved": "https://registry.npmjs.org/@google/generative-ai/-/generative-ai-0.24.1.tgz",
      "integrity": "sha512-MqO+MLfM6kjxcKoy0p1wRzG3b4ZZXtPI+z2IE26UogS2Cm/XHO+7gGRBh6gcJsOiIVoH93UwKvW4HdgiOZCy9Q==",
      "license": "Apache-2.0",
      "engines": {
        "node": ">=18.0.0"
      }
    },
    "node_modules/chromadb": {
      "version": "3.0.15",
      "resolved": "https://registry.npmjs.org/chromadb/-/chromadb-3.0.15.tgz",
      "integrity": "sha512-HSR6SX//1ZEHz/DdnK+RDMdQv/4ADanwM+rr++sv0qbNjX3MWg46VI/4GGkFMiyP0nmqtqHzG4dwvkHfIxqrCg==",
      "license": "Apache-2.0",
      "dependencies": {
        "semver": "^7.7.1"
      },
      "bin": {
        "chroma": "dist/cli.mjs"
      },
      "engines": {
        "node": ">=20"
      },
      "optionalDependencies": {
        "chromadb-js-bindings-darwin-arm64": "^1.0.6",
        "chromadb-js-bindings-darwin-x64": "^1.0.6",
        "chromadb-js-bindings-linux-arm64-gnu": "^1.0.6",
        "chromadb-js-bindings-linux-x64-gnu": "^1.0.6",
        "chromadb-js-bindings-win32-x64-msvc": "^1.0.6"
      }
    },
    "node_modules/chromadb-js-bindings-darwin-arm64": {
      "version": "1.0.6",
      "resolved": "https://registry.npmjs.org/chromadb-js-bindings-darwin-arm64/-/chromadb-js-bindings-darwin-arm64-1.0.6.tgz",
      "integrity": "sha512-QO2r3RUknivwGih5kN5BQrtV25Fu23pL1EVrERwXDvGLPSmUJxZChWGg8nCWYhm1hVhwVGofCemuEvOZz+j10A==",
      "cpu": [
        "arm64"
      ],
      "license": "MIT",
      "optional": true,
      "os": [
        "darwin"
      ],
      "engines": {
        "node": ">= 10"
      }
    },
    "node_modules/chromadb-js-bindings-darwin-x64": {
      "version": "1.0.6",
      "resolved": "https://registry.npmjs.org/chromadb-js-bindings-darwin-x64/-/chromadb-js-bindings-darwin-x64-1.0.6.tgz",
      "integrity": "sha512-UFcIwjx53HvHetiCNbQj47UM6UPi1mK57DXi732x52rIawUbgxUeG2u4lg4pzDOEDN5fEOxAZCIATyUNOazIEA==",
      "cpu": [
        "x64"
      ],
      "license": "MIT",
      "optional": true,
      "os": [
        "darwin"
      ],
      "engines": {
        "node": ">= 10"
      }
    },
    "node_modules/chromadb-js-bindings-linux-arm64-gnu": {
      "version": "1.0.6",
      "resolved": "https://registry.npmjs.org/chromadb-js-bindings-linux-arm64-gnu/-/chromadb-js-bindings-linux-arm64-gnu-1.0.6.tgz",
      "integrity": "sha512-uG9SYh51NxO22zmZYxz8ffT5s4L8p1e7LTFYBNd0QfO1XWTexQqd4hLmbjdzoz0BOLwKObr/FKiV7iKuX3kwww==",
      "cpu": [
        "arm64"
      ],
      "license": "MIT",
      "optional": true,
      "os": [
        "linux"
      ],
      "engines": {
        "node": ">= 10"
      }
    },
    "node_modules/chromadb-js-bindings-linux-x64-gnu": {
      "version": "1.0.6",
      "resolved": "https://registry.npmjs.org/chromadb-js-bindings-linux-x64-gnu/-/chromadb-js-bindings-linux-x64-gnu-1.0.6.tgz",
      "integrity": "sha512-ZV9wD38SvrLKgm+igqWCkiuycewCRTuxsg+01Zku56NjJeccg//Puj/IFnnJUQVkTP8JwkrkPNZPwHTlOlQuVQ==",
      "cpu": [
        "x64"
      ],
      "license": "MIT",
      "optional": true,
      "os": [
        "linux"
      ],
      "engines": {
        "node": ">= 10"
      }
    },
    "node_modules/chromadb-js-bindings-win32-x64-msvc": {
      "version": "1.0.6",
      "resolved": "https://registry.npmjs.org/chromadb-js-bindings-win32-x64-msvc/-/chromadb-js-bindings-win32-x64-msvc-1.0.6.tgz",
      "integrity": "sha512-ymm/iYpnqBsAkc0DxO1rWB/uDykQH4vub2HZ0yMYVKwWCsDHDNvfF7XTs+uDLUQY/BC4pUiqfXFL6ZQ7lpO2Iw==",
      "cpu": [
        "x64"
      ],
      "license": "MIT",
      "optional": true,
      "os": [
        "win32"
      ],
      "engines": {
        "node": ">= 10"
      }
    },
    "node_modules/semver": {
      "version": "7.7.2",
      "resolved": "https://registry.npmjs.org/semver/-/semver-7.7.2.tgz",
      "integrity": "sha512-RF0Fw+rO5AMf9MAyaRXI4AV0Ulj5lMHqVxxdSgiVbixSCXoEmmX/jk0CuJw4+3SqroYO9VoUh+HcuJivvtJemA==",
      "license": "ISC",
      "bin": {
        "semver": "bin/semver.js"
      },
      "engines": {
        "node": ">=10"
      }
    }
  }
}
